// !$*UTF8*$!
{
	archiveVersion = 1;
	classes = {
	};
	objectVersion = 46;
	objects = {

/* Begin PBXBuildFile section */
		4F3D309419FEE9D000FAC949 /* main.m in Sources */ = {isa = PBXBuildFile; fileRef = 4F3D309319FEE9D000FAC949 /* main.m */; };
		4F3D309719FEE9D000FAC949 /* AppDelegate.m in Sources */ = {isa = PBXBuildFile; fileRef = 4F3D309619FEE9D000FAC949 /* AppDelegate.m */; };
		4F3D309A19FEE9D000FAC949 /* RootViewController.m in Sources */ = {isa = PBXBuildFile; fileRef = 4F3D309919FEE9D000FAC949 /* RootViewController.m */; };
		4F3D309D19FEE9D000FAC949 /* Main.storyboard in Resources */ = {isa = PBXBuildFile; fileRef = 4F3D309B19FEE9D000FAC949 /* Main.storyboard */; };
		4F3D309F19FEE9D000FAC949 /* Images.xcassets in Resources */ = {isa = PBXBuildFile; fileRef = 4F3D309E19FEE9D000FAC949 /* Images.xcassets */; };
		4F3D30A219FEE9D000FAC949 /* LaunchScreen.xib in Resources */ = {isa = PBXBuildFile; fileRef = 4F3D30A019FEE9D000FAC949 /* LaunchScreen.xib */; };
		4F3D30AE19FEE9D000FAC949 /* DeprocrastinatorTests.m in Sources */ = {isa = PBXBuildFile; fileRef = 4F3D30AD19FEE9D000FAC949 /* DeprocrastinatorTests.m */; };
/* End PBXBuildFile section */

/* Begin PBXContainerItemProxy section */
		4F3D30A819FEE9D000FAC949 /* PBXContainerItemProxy */ = {
			isa = PBXContainerItemProxy;
			containerPortal = 4F3D308619FEE9D000FAC949 /* Project object */;
			proxyType = 1;
			remoteGlobalIDString = 4F3D308D19FEE9D000FAC949;
			remoteInfo = Deprocrastinator;
		};
/* End PBXContainerItemProxy section */

/* Begin PBXFileReference section */
		4F3D308E19FEE9D000FAC949 /* Deprocrastinator.app */ = {isa = PBXFileReference; explicitFileType = wrapper.application; includeInIndex = 0; path = Deprocrastinator.app; sourceTree = BUILT_PRODUCTS_DIR; };
		4F3D309219FEE9D000FAC949 /* Info.plist */ = {isa = PBXFileReference; lastKnownFileType = text.plist.xml; path = Info.plist; sourceTree = "<group>"; };
		4F3D309319FEE9D000FAC949 /* main.m */ = {isa = PBXFileReference; lastKnownFileType = sourcecode.c.objc; path = main.m; sourceTree = "<group>"; };
		4F3D309519FEE9D000FAC949 /* AppDelegate.h */ = {isa = PBXFileReference; lastKnownFileType = sourcecode.c.h; path = AppDelegate.h; sourceTree = "<group>"; };
		4F3D309619FEE9D000FAC949 /* AppDelegate.m */ = {isa = PBXFileReference; lastKnownFileType = sourcecode.c.objc; path = AppDelegate.m; sourceTree = "<group>"; };
		4F3D309819FEE9D000FAC949 /* RootViewController.h */ = {isa = PBXFileReference; lastKnownFileType = sourcecode.c.h; path = RootViewController.h; sourceTree = "<group>"; };
		4F3D309919FEE9D000FAC949 /* RootViewController.m */ = {isa = PBXFileReference; lastKnownFileType = sourcecode.c.objc; path = RootViewController.m; sourceTree = "<group>"; };
		4F3D309C19FEE9D000FAC949 /* Base */ = {isa = PBXFileReference; lastKnownFileType = file.storyboard; name = Base; path = Base.lproj/Main.storyboard; sourceTree = "<group>"; };
		4F3D309E19FEE9D000FAC949 /* Images.xcassets */ = {isa = PBXFileReference; lastKnownFileType = folder.assetcatalog; path = Images.xcassets; sourceTree = "<group>"; };
		4F3D30A119FEE9D000FAC949 /* Base */ = {isa = PBXFileReference; lastKnownFileType = file.xib; name = Base; path = Base.lproj/LaunchScreen.xib; sourceTree = "<group>"; };
		4F3D30A719FEE9D000FAC949 /* DeprocrastinatorTests.xctest */ = {isa = PBXFileReference; explicitFileType = wrapper.cfbundle; includeInIndex = 0; path = DeprocrastinatorTests.xctest; sourceTree = BUILT_PRODUCTS_DIR; };
		4F3D30AC19FEE9D000FAC949 /* Info.plist */ = {isa = PBXFileReference; lastKnownFileType = text.plist.xml; path = Info.plist; sourceTree = "<group>"; };
		4F3D30AD19FEE9D000FAC949 /* DeprocrastinatorTests.m */ = {isa = PBXFileReference; lastKnownFileType = sourcecode.c.objc; path = DeprocrastinatorTests.m; sourceTree = "<group>"; };
/* End PBXFileReference section */

/* Begin PBXFrameworksBuildPhase section */
		4F3D308B19FEE9D000FAC949 /* Frameworks */ = {
			isa = PBXFrameworksBuildPhase;
			buildActionMask = 2147483647;
			files = (
			);
			runOnlyForDeploymentPostprocessing = 0;
		};
		4F3D30A419FEE9D000FAC949 /* Frameworks */ = {
			isa = PBXFrameworksBuildPhase;
			buildActionMask = 2147483647;
			files = (
			);
			runOnlyForDeploymentPostprocessing = 0;
		};
/* End PBXFrameworksBuildPhase section */

/* Begin PBXGroup section */
		4F3D308519FEE9D000FAC949 = {
			isa = PBXGroup;
			children = (
				4F3D309019FEE9D000FAC949 /* Deprocrastinator */,
				4F3D30AA19FEE9D000FAC949 /* DeprocrastinatorTests */,
				4F3D308F19FEE9D000FAC949 /* Products */,
			);
			sourceTree = "<group>";
		};
		4F3D308F19FEE9D000FAC949 /* Products */ = {
			isa = PBXGroup;
			children = (
				4F3D308E19FEE9D000FAC949 /* Deprocrastinator.app */,
				4F3D30A719FEE9D000FAC949 /* DeprocrastinatorTests.xctest */,
			);
			name = Products;
			sourceTree = "<group>";
		};
		4F3D309019FEE9D000FAC949 /* Deprocrastinator */ = {
			isa = PBXGroup;
			children = (
				4F3D309519FEE9D000FAC949 /* AppDelegate.h */,
				4F3D309619FEE9D000FAC949 /* AppDelegate.m */,
				4F3D309819FEE9D000FAC949 /* RootViewController.h */,
				4F3D309919FEE9D000FAC949 /* RootViewController.m */,
				4F3D309B19FEE9D000FAC949 /* Main.storyboard */,
				4F3D309E19FEE9D000FAC949 /* Images.xcassets */,
				4F3D30A019FEE9D000FAC949 /* LaunchScreen.xib */,
				4F3D309119FEE9D000FAC949 /* Supporting Files */,
			);
			path = Deprocrastinator;
			sourceTree = "<group>";
		};
		4F3D309119FEE9D000FAC949 /* Supporting Files */ = {
			isa = PBXGroup;
			children = (
				4F3D309219FEE9D000FAC949 /* Info.plist */,
				4F3D309319FEE9D000FAC949 /* main.m */,
			);
			name = "Supporting Files";
			sourceTree = "<group>";
		};
		4F3D30AA19FEE9D000FAC949 /* DeprocrastinatorTests */ = {
			isa = PBXGroup;
			children = (
				4F3D30AD19FEE9D000FAC949 /* DeprocrastinatorTests.m */,
				4F3D30AB19FEE9D000FAC949 /* Supporting Files */,
			);
			path = DeprocrastinatorTests;
			sourceTree = "<group>";
		};
		4F3D30AB19FEE9D000FAC949 /* Supporting Files */ = {
			isa = PBXGroup;
			children = (
				4F3D30AC19FEE9D000FAC949 /* Info.plist */,
			);
			name = "Supporting Files";
			sourceTree = "<group>";
		};
/* End PBXGroup section */

/* Begin PBXNativeTarget section */
		4F3D308D19FEE9D000FAC949 /* Deprocrastinator */ = {
			isa = PBXNativeTarget;
			buildConfigurationList = 4F3D30B119FEE9D000FAC949 /* Build configuration list for PBXNativeTarget "Deprocrastinator" */;
			buildPhases = (
				4F3D308A19FEE9D000FAC949 /* Sources */,
				4F3D308B19FEE9D000FAC949 /* Frameworks */,
				4F3D308C19FEE9D000FAC949 /* Resources */,
			);
			buildRules = (
			);
			dependencies = (
			);
			name = Deprocrastinator;
			productName = Deprocrastinator;
			productReference = 4F3D308E19FEE9D000FAC949 /* Deprocrastinator.app */;
			productType = "com.apple.product-type.application";
		};
		4F3D30A619FEE9D000FAC949 /* DeprocrastinatorTests */ = {
			isa = PBXNativeTarget;
			buildConfigurationList = 4F3D30B419FEE9D000FAC949 /* Build configuration list for PBXNativeTarget "DeprocrastinatorTests" */;
			buildPhases = (
				4F3D30A319FEE9D000FAC949 /* Sources */,
				4F3D30A419FEE9D000FAC949 /* Frameworks */,
				4F3D30A519FEE9D000FAC949 /* Resources */,
			);
			buildRules = (
			);
			dependencies = (
				4F3D30A919FEE9D000FAC949 /* PBXTargetDependency */,
			);
			name = DeprocrastinatorTests;
			productName = DeprocrastinatorTests;
			productReference = 4F3D30A719FEE9D000FAC949 /* DeprocrastinatorTests.xctest */;
			productType = "com.apple.product-type.bundle.unit-test";
		};
/* End PBXNativeTarget section */

/* Begin PBXProject section */
		4F3D308619FEE9D000FAC949 /* Project object */ = {
			isa = PBXProject;
			attributes = {
				LastUpgradeCheck = 0600;
				ORGANIZATIONNAME = "Christina Gunarto";
				TargetAttributes = {
					4F3D308D19FEE9D000FAC949 = {
						CreatedOnToolsVersion = 6.0;
					};
					4F3D30A619FEE9D000FAC949 = {
						CreatedOnToolsVersion = 6.0;
						TestTargetID = 4F3D308D19FEE9D000FAC949;
					};
				};
			};
			buildConfigurationList = 4F3D308919FEE9D000FAC949 /* Build configuration list for PBXProject "Deprocrastinator" */;
			compatibilityVersion = "Xcode 3.2";
			developmentRegion = English;
			hasScannedForEncodings = 0;
			knownRegions = (
				en,
				Base,
			);
			mainGroup = 4F3D308519FEE9D000FAC949;
			productRefGroup = 4F3D308F19FEE9D000FAC949 /* Products */;
			projectDirPath = "";
			projectRoot = "";
			targets = (
				4F3D308D19FEE9D000FAC949 /* Deprocrastinator */,
				4F3D30A619FEE9D000FAC949 /* DeprocrastinatorTests */,
			);
		};
/* End PBXProject section */

/* Begin PBXResourcesBuildPhase section */
		4F3D308C19FEE9D000FAC949 /* Resources */ = {
			isa = PBXResourcesBuildPhase;
			buildActionMask = 2147483647;
			files = (
				4F3D309D19FEE9D000FAC949 /* Main.storyboard in Resources */,
				4F3D30A219FEE9D000FAC949 /* LaunchScreen.xib in Resources */,
				4F3D309F19FEE9D000FAC949 /* Images.xcassets in Resources */,
			);
			runOnlyForDeploymentPostprocessing = 0;
		};
		4F3D30A519FEE9D000FAC949 /* Resources */ = {
			isa = PBXResourcesBuildPhase;
			buildActionMask = 2147483647;
			files = (
			);
			runOnlyForDeploymentPostprocessing = 0;
		};
/* End PBXResourcesBuildPhase section */

/* Begin PBXSourcesBuildPhase section */
		4F3D308A19FEE9D000FAC949 /* Sources */ = {
			isa = PBXSourcesBuildPhase;
			buildActionMask = 2147483647;
			files = (
				4F3D309A19FEE9D000FAC949 /* RootViewController.m in Sources */,
				4F3D309719FEE9D000FAC949 /* AppDelegate.m in Sources */,
				4F3D309419FEE9D000FAC949 /* main.m in Sources */,
			);
			runOnlyForDeploymentPostprocessing = 0;
		};
		4F3D30A319FEE9D000FAC949 /* Sources */ = {
			isa = PBXSourcesBuildPhase;
			buildActionMask = 2147483647;
			files = (
				4F3D30AE19FEE9D000FAC949 /* DeprocrastinatorTests.m in Sources */,
			);
			runOnlyForDeploymentPostprocessing = 0;
		};
/* End PBXSourcesBuildPhase section */

/* Begin PBXTargetDependency section */
		4F3D30A919FEE9D000FAC949 /* PBXTargetDependency */ = {
			isa = PBXTargetDependency;
			target = 4F3D308D19FEE9D000FAC949 /* Deprocrastinator */;
			targetProxy = 4F3D30A819FEE9D000FAC949 /* PBXContainerItemProxy */;
		};
/* End PBXTargetDependency section */

/* Begin PBXVariantGroup section */
		4F3D309B19FEE9D000FAC949 /* Main.storyboard */ = {
			isa = PBXVariantGroup;
			children = (
				4F3D309C19FEE9D000FAC949 /* Base */,
			);
			name = Main.storyboard;
			sourceTree = "<group>";
		};
		4F3D30A019FEE9D000FAC949 /* LaunchScreen.xib */ = {
			isa = PBXVariantGroup;
			children = (
				4F3D30A119FEE9D000FAC949 /* Base */,
			);
			name = LaunchScreen.xib;
			sourceTree = "<group>";
		};
/* End PBXVariantGroup section */

/* Begin XCBuildConfiguration section */
		4F3D30AF19FEE9D000FAC949 /* Debug */ = {
			isa = XCBuildConfiguration;
			buildSettings = {
				ALWAYS_SEARCH_USER_PATHS = NO;
				CLANG_CXX_LANGUAGE_STANDARD = "gnu++0x";
				CLANG_CXX_LIBRARY = "libc++";
				CLANG_ENABLE_MODULES = YES;
				CLANG_ENABLE_OBJC_ARC = YES;
				CLANG_WARN_BOOL_CONVERSION = YES;
				CLANG_WARN_CONSTANT_CONVERSION = YES;
				CLANG_WARN_DIRECT_OBJC_ISA_USAGE = YES_ERROR;
				CLANG_WARN_EMPTY_BODY = YES;
				CLANG_WARN_ENUM_CONVERSION = YES;
				CLANG_WARN_INT_CONVERSION = YES;
				CLANG_WARN_OBJC_ROOT_CLASS = YES_ERROR;
				CLANG_WARN_UNREACHABLE_CODE = YES;
				CLANG_WARN__DUPLICATE_METHOD_MATCH = YES;
				"CODE_SIGN_IDENTITY[sdk=iphoneos*]" = "iPhone Developer";
				COPY_PHASE_STRIP = NO;
				ENABLE_STRICT_OBJC_MSGSEND = YES;
				GCC_C_LANGUAGE_STANDARD = gnu99;
				GCC_DYNAMIC_NO_PIC = NO;
				GCC_OPTIMIZATION_LEVEL = 0;
				GCC_PREPROCESSOR_DEFINITIONS = (
					"DEBUG=1",
					"$(inherited)",
				);
				GCC_SYMBOLS_PRIVATE_EXTERN = NO;
				GCC_WARN_64_TO_32_BIT_CONVERSION = YES;
				GCC_WARN_ABOUT_RETURN_TYPE = YES_ERROR;
				GCC_WARN_UNDECLARED_SELECTOR = YES;
				GCC_WARN_UNINITIALIZED_AUTOS = YES_AGGRESSIVE;
				GCC_WARN_UNUSED_FUNCTION = YES;
				GCC_WARN_UNUSED_VARIABLE = YES;
				IPHONEOS_DEPLOYMENT_TARGET = 8.0;
				MTL_ENABLE_DEBUG_INFO = YES;
				ONLY_ACTIVE_ARCH = YES;
				SDKROOT = iphoneos;
			};
			name = Debug;
		};
		4F3D30B019FEE9D000FAC949 /* Release */ = {
			isa = XCBuildConfiguration;
			buildSettings = {
				ALWAYS_SEARCH_USER_PATHS = NO;
				CLANG_CXX_LANGUAGE_STANDARD = "gnu++0x";
				CLANG_CXX_LIBRARY = "libc++";
				CLANG_ENABLE_MODULES = YES;
				CLANG_ENABLE_OBJC_ARC = YES;
				CLANG_WARN_BOOL_CONVERSION = YES;
				CLANG_WARN_CONSTANT_CONVERSION = YES;
				CLANG_WARN_DIRECT_OBJC_ISA_USAGE = YES_ERROR;
				CLANG_WARN_EMPTY_BODY = YES;
				CLANG_WARN_ENUM_CONVERSION = YES;
				CLANG_WARN_INT_CONVERSION = YES;
				CLANG_WARN_OBJC_ROOT_CLASS = YES_ERROR;
				CLANG_WARN_UNREACHABLE_CODE = YES;
				CLANG_WARN__DUPLICATE_METHOD_MATCH = YES;
				"CODE_SIGN_IDENTITY[sdk=iphoneos*]" = "iPhone Developer";
				COPY_PHASE_STRIP = YES;
				ENABLE_NS_ASSERTIONS = NO;
				ENABLE_STRICT_OBJC_MSGSEND = YES;
				GCC_C_LANGUAGE_STANDARD = gnu99;
				GCC_WARN_64_TO_32_BIT_CONVERSION = YES;
				GCC_WARN_ABOUT_RETURN_TYPE = YES_ERROR;
				GCC_WARN_UNDECLARED_SELECTOR = YES;
				GCC_WARN_UNINITIALIZED_AUTOS = YES_AGGRESSIVE;
				GCC_WARN_UNUSED_FUNCTION = YES;
				GCC_WARN_UNUSED_VARIABLE = YES;
				IPHONEOS_DEPLOYMENT_TARGET = 8.0;
				MTL_ENABLE_DEBUG_INFO = NO;
				SDKROOT = iphoneos;
				VALIDATE_PRODUCT = YES;
			};
			name = Release;
		};
		4F3D30B219FEE9D000FAC949 /* Debug */ = {
			isa = XCBuildConfiguration;
			buildSettings = {
				ASSETCATALOG_COMPILER_APPICON_NAME = AppIcon;
				INFOPLIST_FILE = Deprocrastinator/Info.plist;
				LD_RUNPATH_SEARCH_PATHS = "$(inherited) @executable_path/Frameworks";
				PRODUCT_NAME = "$(TARGET_NAME)";
			};
			name = Debug;
		};
		4F3D30B319FEE9D000FAC949 /* Release */ = {
			isa = XCBuildConfiguration;
			buildSettings = {
				ASSETCATALOG_COMPILER_APPICON_NAME = AppIcon;
				INFOPLIST_FILE = Deprocrastinator/Info.plist;
				LD_RUNPATH_SEARCH_PATHS = "$(inherited) @executable_path/Frameworks";
				PRODUCT_NAME = "$(TARGET_NAME)";
			};
			name = Release;
		};
		4F3D30B519FEE9D000FAC949 /* Debug */ = {
			isa = XCBuildConfiguration;
			buildSettings = {
				BUNDLE_LOADER = "$(TEST_HOST)";
				FRAMEWORK_SEARCH_PATHS = (
					"$(SDKROOT)/Developer/Library/Frameworks",
					"$(inherited)",
				);
				GCC_PREPROCESSOR_DEFINITIONS = (
					"DEBUG=1",
					"$(inherited)",
				);
				INFOPLIST_FILE = DeprocrastinatorTests/Info.plist;
				LD_RUNPATH_SEARCH_PATHS = "$(inherited) @executable_path/Frameworks @loader_path/Frameworks";
				PRODUCT_NAME = "$(TARGET_NAME)";
				TEST_HOST = "$(BUILT_PRODUCTS_DIR)/Deprocrastinator.app/Deprocrastinator";
			};
			name = Debug;
		};
		4F3D30B619FEE9D000FAC949 /* Release */ = {
			isa = XCBuildConfiguration;
			buildSettings = {
				BUNDLE_LOADER = "$(TEST_HOST)";
				FRAMEWORK_SEARCH_PATHS = (
					"$(SDKROOT)/Developer/Library/Frameworks",
					"$(inherited)",
				);
				INFOPLIST_FILE = DeprocrastinatorTests/Info.plist;
				LD_RUNPATH_SEARCH_PATHS = "$(inherited) @executable_path/Frameworks @loader_path/Frameworks";
				PRODUCT_NAME = "$(TARGET_NAME)";
				TEST_HOST = "$(BUILT_PRODUCTS_DIR)/Deprocrastinator.app/Deprocrastinator";
			};
			name = Release;
		};
/* End XCBuildConfiguration section */

/* Begin XCConfigurationList section */
		4F3D308919FEE9D000FAC949 /* Build configuration list for PBXProject "Deprocrastinator" */ = {
			isa = XCConfigurationList;
			buildConfigurations = (
				4F3D30AF19FEE9D000FAC949 /* Debug */,
				4F3D30B019FEE9D000FAC949 /* Release */,
			);
			defaultConfigurationIsVisible = 0;
			defaultConfigurationName = Release;
		};
		4F3D30B119FEE9D000FAC949 /* Build configuration list for PBXNativeTarget "Deprocrastinator" */ = {
			isa = XCConfigurationList;
			buildConfigurations = (
				4F3D30B219FEE9D000FAC949 /* Debug */,
				4F3D30B319FEE9D000FAC949 /* Release */,
			);
			defaultConfigurationIsVisible = 0;
		};
		4F3D30B419FEE9D000FAC949 /* Build configuration list for PBXNativeTarget "DeprocrastinatorTests" */ = {
			isa = XCConfigurationList;
			buildConfigurations = (
				4F3D30B519FEE9D000FAC949 /* Debug */,
				4F3D30B619FEE9D000FAC949 /* Release */,
			);
			defaultConfigurationIsVisible = 0;
		};
/* End XCConfigurationList section */
	};
	rootObject = 4F3D308619FEE9D000FAC949 /* Project object */;
}
